
Microsoft Visual Studio Solution File, Format Version 12.00
# Visual Studio Version 17
VisualStudioVersion = 17.14.36202.13 d17.14
MinimumVisualStudioVersion = 10.0.40219.1
Project("{FAE04EC0-301F-11D3-BF4B-00C04F79EFBC}") = "Chess_Logic", "Chess_Logic\Chess_Logic.csproj", "{F114D37D-1432-44C1-BD4A-D1893209694D}"
EndProject
Project("{FAE04EC0-301F-11D3-BF4B-00C04F79EFBC}") = "Chess_UI", "Chess_UI\Chess_UI.csproj", "{3542701F-1885-4B0F-90F0-415082DD0072}"
EndProject
Global
	GlobalSection(SolutionConfigurationPlatforms) = preSolution
		Debug|Any CPU = Debug|Any CPU
		Release|Any CPU = Release|Any CPU
	EndGlobalSection
	GlobalSection(ProjectConfigurationPlatforms) = postSolution
		{F114D37D-1432-44C1-BD4A-D1893209694D}.Debug|Any CPU.ActiveCfg = Debug|Any CPU
		{F114D37D-1432-44C1-BD4A-D1893209694D}.Debug|Any CPU.Build.0 = Debug|Any CPU
		{F114D37D-1432-44C1-BD4A-D1893209694D}.Release|Any CPU.ActiveCfg = Release|Any CPU
		{F114D37D-1432-44C1-BD4A-D1893209694D}.Release|Any CPU.Build.0 = Release|Any CPU
		{3542701F-1885-4B0F-90F0-415082DD0072}.Debug|Any CPU.ActiveCfg = Debug|Any CPU
		{3542701F-1885-4B0F-90F0-415082DD0072}.Debug|Any CPU.Build.0 = Debug|Any CPU
		{3542701F-1885-4B0F-90F0-415082DD0072}.Release|Any CPU.ActiveCfg = Release|Any CPU
		{3542701F-1885-4B0F-90F0-415082DD0072}.Release|Any CPU.Build.0 = Release|Any CPU
	EndGlobalSection
	GlobalSection(SolutionProperties) = preSolution
		HideSolutionNode = FALSE
	EndGlobalSection
	GlobalSection(ExtensibilityGlobals) = postSolution
		SolutionGuid = {F3D9F1F4-F981-4630-B598-319F6EA4CCC2}
	EndGlobalSection
EndGlobal
